// !$*UTF8*$!
{
	archiveVersion = 1;
	classes = {
	};
	objectVersion = 46;
	objects = {

/* Begin PBXBuildFile section */
		794158F915F31E0E0072E483 /* Foundation.framework in Frameworks */ = {isa = PBXBuildFile; fileRef = 794158F815F31E0E0072E483 /* Foundation.framework */; };
		794158FB15F31E0E0072E483 /* UIKit.framework in Frameworks */ = {isa = PBXBuildFile; fileRef = 794158FA15F31E0E0072E483 /* UIKit.framework */; };
		794158FD15F31E0E0072E483 /* CoreGraphics.framework in Frameworks */ = {isa = PBXBuildFile; fileRef = 794158FC15F31E0E0072E483 /* CoreGraphics.framework */; };
		794158FF15F31E0E0072E483 /* AddressBook.framework in Frameworks */ = {isa = PBXBuildFile; fileRef = 794158FE15F31E0E0072E483 /* AddressBook.framework */; };
		7941590115F31E0E0072E483 /* AddressBookUI.framework in Frameworks */ = {isa = PBXBuildFile; fileRef = 7941590015F31E0E0072E483 /* AddressBookUI.framework */; };
		7941590315F31E0E0072E483 /* AudioToolbox.framework in Frameworks */ = {isa = PBXBuildFile; fileRef = 7941590215F31E0E0072E483 /* AudioToolbox.framework */; };
		7941590515F31E0E0072E483 /* AVFoundation.framework in Frameworks */ = {isa = PBXBuildFile; fileRef = 7941590415F31E0E0072E483 /* AVFoundation.framework */; };
		7941590715F31E0E0072E483 /* CoreLocation.framework in Frameworks */ = {isa = PBXBuildFile; fileRef = 7941590615F31E0E0072E483 /* CoreLocation.framework */; };
		7941590915F31E0F0072E483 /* MediaPlayer.framework in Frameworks */ = {isa = PBXBuildFile; fileRef = 7941590815F31E0F0072E483 /* MediaPlayer.framework */; };
		7941590B15F31E0F0072E483 /* QuartzCore.framework in Frameworks */ = {isa = PBXBuildFile; fileRef = 7941590A15F31E0F0072E483 /* QuartzCore.framework */; };
		7941590D15F31E0F0072E483 /* SystemConfiguration.framework in Frameworks */ = {isa = PBXBuildFile; fileRef = 7941590C15F31E0F0072E483 /* SystemConfiguration.framework */; };
		7941590F15F31E0F0072E483 /* MobileCoreServices.framework in Frameworks */ = {isa = PBXBuildFile; fileRef = 7941590E15F31E0F0072E483 /* MobileCoreServices.framework */; };
		7941591115F31E0F0072E483 /* CoreMedia.framework in Frameworks */ = {isa = PBXBuildFile; fileRef = 7941591015F31E0F0072E483 /* CoreMedia.framework */; };
		7941591715F31E0F0072E483 /* InfoPlist.strings in Resources */ = {isa = PBXBuildFile; fileRef = 7941591515F31E0F0072E483 /* InfoPlist.strings */; };
		7941591915F31E0F0072E483 /* main.m in Sources */ = {isa = PBXBuildFile; fileRef = 7941591815F31E0F0072E483 /* main.m */; };
		7941591C15F31E0F0072E483 /* Cordova.framework in Frameworks */ = {isa = PBXBuildFile; fileRef = 7941591B15F31E0F0072E483 /* Cordova.framework */; };
		7941592115F31E0F0072E483 /* Localizable.strings in Resources */ = {isa = PBXBuildFile; fileRef = 7941591F15F31E0F0072E483 /* Localizable.strings */; };
		7941592515F31E0F0072E483 /* Localizable.strings in Resources */ = {isa = PBXBuildFile; fileRef = 7941592315F31E0F0072E483 /* Localizable.strings */; };
		7941592915F31E0F0072E483 /* Localizable.strings in Resources */ = {isa = PBXBuildFile; fileRef = 7941592715F31E0F0072E483 /* Localizable.strings */; };
		7941592D15F31E0F0072E483 /* Localizable.strings in Resources */ = {isa = PBXBuildFile; fileRef = 7941592B15F31E0F0072E483 /* Localizable.strings */; };
		7941593015F31E0F0072E483 /* icon.png in Resources */ = {isa = PBXBuildFile; fileRef = 7941592F15F31E0F0072E483 /* icon.png */; };
		7941593215F31E0F0072E483 /* icon@2x.png in Resources */ = {isa = PBXBuildFile; fileRef = 7941593115F31E0F0072E483 /* icon@2x.png */; };
		7941593415F31E0F0072E483 /* icon-72.png in Resources */ = {isa = PBXBuildFile; fileRef = 7941593315F31E0F0072E483 /* icon-72.png */; };
		7941593715F31E0F0072E483 /* Default~iphone.png in Resources */ = {isa = PBXBuildFile; fileRef = 7941593615F31E0F0072E483 /* Default~iphone.png */; };
		7941593915F31E0F0072E483 /* Default@2x~iphone.png in Resources */ = {isa = PBXBuildFile; fileRef = 7941593815F31E0F0072E483 /* Default@2x~iphone.png */; };
		7941593B15F31E0F0072E483 /* Capture.bundle in Resources */ = {isa = PBXBuildFile; fileRef = 7941593A15F31E0F0072E483 /* Capture.bundle */; };
		7941593D15F31E0F0072E483 /* Cordova.plist in Resources */ = {isa = PBXBuildFile; fileRef = 7941593C15F31E0F0072E483 /* Cordova.plist */; };
		7941594115F31E0F0072E483 /* AppDelegate.m in Sources */ = {isa = PBXBuildFile; fileRef = 7941594015F31E0F0072E483 /* AppDelegate.m */; };
		7941594415F31E0F0072E483 /* MainViewController.m in Sources */ = {isa = PBXBuildFile; fileRef = 7941594315F31E0F0072E483 /* MainViewController.m */; };
		7941594615F31E0F0072E483 /* MainViewController.xib in Resources */ = {isa = PBXBuildFile; fileRef = 7941594515F31E0F0072E483 /* MainViewController.xib */; };
/* End PBXBuildFile section */

/* Begin PBXFileReference section */
		794158F415F31E0E0072E483 /* AutoDashMobile.app */ = {isa = PBXFileReference; explicitFileType = wrapper.application; includeInIndex = 0; path = AutoDashMobile.app; sourceTree = BUILT_PRODUCTS_DIR; };
		794158F815F31E0E0072E483 /* Foundation.framework */ = {isa = PBXFileReference; lastKnownFileType = wrapper.framework; name = Foundation.framework; path = Library/Frameworks/Foundation.framework; sourceTree = DEVELOPER_DIR; };
		794158FA15F31E0E0072E483 /* UIKit.framework */ = {isa = PBXFileReference; lastKnownFileType = wrapper.framework; name = UIKit.framework; path = Library/Frameworks/UIKit.framework; sourceTree = DEVELOPER_DIR; };
		794158FC15F31E0E0072E483 /* CoreGraphics.framework */ = {isa = PBXFileReference; lastKnownFileType = wrapper.framework; name = CoreGraphics.framework; path = Library/Frameworks/CoreGraphics.framework; sourceTree = DEVELOPER_DIR; };
		794158FE15F31E0E0072E483 /* AddressBook.framework */ = {isa = PBXFileReference; lastKnownFileType = wrapper.framework; name = AddressBook.framework; path = Library/Frameworks/AddressBook.framework; sourceTree = DEVELOPER_DIR; };
		7941590015F31E0E0072E483 /* AddressBookUI.framework */ = {isa = PBXFileReference; lastKnownFileType = wrapper.framework; name = AddressBookUI.framework; path = Library/Frameworks/AddressBookUI.framework; sourceTree = DEVELOPER_DIR; };
		7941590215F31E0E0072E483 /* AudioToolbox.framework */ = {isa = PBXFileReference; lastKnownFileType = wrapper.framework; name = AudioToolbox.framework; path = Library/Frameworks/AudioToolbox.framework; sourceTree = DEVELOPER_DIR; };
		7941590415F31E0E0072E483 /* AVFoundation.framework */ = {isa = PBXFileReference; lastKnownFileType = wrapper.framework; name = AVFoundation.framework; path = Library/Frameworks/AVFoundation.framework; sourceTree = DEVELOPER_DIR; };
		7941590615F31E0E0072E483 /* CoreLocation.framework */ = {isa = PBXFileReference; lastKnownFileType = wrapper.framework; name = CoreLocation.framework; path = Library/Frameworks/CoreLocation.framework; sourceTree = DEVELOPER_DIR; };
		7941590815F31E0F0072E483 /* MediaPlayer.framework */ = {isa = PBXFileReference; lastKnownFileType = wrapper.framework; name = MediaPlayer.framework; path = Library/Frameworks/MediaPlayer.framework; sourceTree = DEVELOPER_DIR; };
		7941590A15F31E0F0072E483 /* QuartzCore.framework */ = {isa = PBXFileReference; lastKnownFileType = wrapper.framework; name = QuartzCore.framework; path = Library/Frameworks/QuartzCore.framework; sourceTree = DEVELOPER_DIR; };
		7941590C15F31E0F0072E483 /* SystemConfiguration.framework */ = {isa = PBXFileReference; lastKnownFileType = wrapper.framework; name = SystemConfiguration.framework; path = Library/Frameworks/SystemConfiguration.framework; sourceTree = DEVELOPER_DIR; };
		7941590E15F31E0F0072E483 /* MobileCoreServices.framework */ = {isa = PBXFileReference; lastKnownFileType = wrapper.framework; name = MobileCoreServices.framework; path = Library/Frameworks/MobileCoreServices.framework; sourceTree = DEVELOPER_DIR; };
		7941591015F31E0F0072E483 /* CoreMedia.framework */ = {isa = PBXFileReference; lastKnownFileType = wrapper.framework; name = CoreMedia.framework; path = Library/Frameworks/CoreMedia.framework; sourceTree = DEVELOPER_DIR; };
		7941591415F31E0F0072E483 /* AutoDashMobile-Info.plist */ = {isa = PBXFileReference; path = "AutoDashMobile-Info.plist"; sourceTree = "<group>"; };
		7941591615F31E0F0072E483 /* en */ = {isa = PBXFileReference; lastKnownFileType = text.plist.strings; name = en; path = en.lproj/InfoPlist.strings; sourceTree = "<group>"; };
		7941591815F31E0F0072E483 /* main.m */ = {isa = PBXFileReference; lastKnownFileType = sourcecode.c.objc; path = main.m; sourceTree = "<group>"; };
		7941591A15F31E0F0072E483 /* AutoDashMobile-Prefix.pch */ = {isa = PBXFileReference; path = "AutoDashMobile-Prefix.pch"; sourceTree = "<group>"; };
		7941591B15F31E0F0072E483 /* Cordova.framework */ = {isa = PBXFileReference; lastKnownFileType = wrapper.framework; name = Cordova.framework; path = /Users/Shared/Cordova/Frameworks/Cordova.framework; sourceTree = "<absolute>"; };
		7941592015F31E0F0072E483 /* en */ = {isa = PBXFileReference; lastKnownFileType = text.plist.strings; name = en; path = Resources/en.lproj/Localizable.strings; sourceTree = "<group>"; };
		7941592415F31E0F0072E483 /* es */ = {isa = PBXFileReference; lastKnownFileType = text.plist.strings; name = es; path = Resources/es.lproj/Localizable.strings; sourceTree = "<group>"; };
		7941592815F31E0F0072E483 /* de */ = {isa = PBXFileReference; lastKnownFileType = text.plist.strings; name = de; path = Resources/de.lproj/Localizable.strings; sourceTree = "<group>"; };
		7941592C15F31E0F0072E483 /* se */ = {isa = PBXFileReference; lastKnownFileType = text.plist.strings; name = se; path = Resources/se.lproj/Localizable.strings; sourceTree = "<group>"; };
		7941592F15F31E0F0072E483 /* icon.png */ = {isa = PBXFileReference; lastKnownFileType = image.png; name = icon.png; path = Resources/icons/icon.png; sourceTree = "<group>"; };
		7941593115F31E0F0072E483 /* icon@2x.png */ = {isa = PBXFileReference; lastKnownFileType = image.png; name = "icon@2x.png"; path = "Resources/icons/icon@2x.png"; sourceTree = "<group>"; };
		7941593315F31E0F0072E483 /* icon-72.png */ = {isa = PBXFileReference; lastKnownFileType = image.png; name = "icon-72.png"; path = "Resources/icons/icon-72.png"; sourceTree = "<group>"; };
		7941593615F31E0F0072E483 /* Default~iphone.png */ = {isa = PBXFileReference; lastKnownFileType = image.png; name = "Default~iphone.png"; path = "Resources/splash/Default~iphone.png"; sourceTree = "<group>"; };
		7941593815F31E0F0072E483 /* Default@2x~iphone.png */ = {isa = PBXFileReference; lastKnownFileType = image.png; name = "Default@2x~iphone.png"; path = "Resources/splash/Default@2x~iphone.png"; sourceTree = "<group>"; };
		7941593A15F31E0F0072E483 /* Capture.bundle */ = {isa = PBXFileReference; lastKnownFileType = "wrapper.plug-in"; name = Capture.bundle; path = Resources/Capture.bundle; sourceTree = "<group>"; };
		7941593C15F31E0F0072E483 /* Cordova.plist */ = {isa = PBXFileReference; lastKnownFileType = text.plist.xml; path = Cordova.plist; sourceTree = "<group>"; };
		7941593F15F31E0F0072E483 /* AppDelegate.h */ = {isa = PBXFileReference; name = AppDelegate.h; path = Classes/AppDelegate.h; sourceTree = "<group>"; };
		7941594015F31E0F0072E483 /* AppDelegate.m */ = {isa = PBXFileReference; lastKnownFileType = sourcecode.c.objc; name = AppDelegate.m; path = Classes/AppDelegate.m; sourceTree = "<group>"; };
		7941594215F31E0F0072E483 /* MainViewController.h */ = {isa = PBXFileReference; name = MainViewController.h; path = Classes/MainViewController.h; sourceTree = "<group>"; };
		7941594315F31E0F0072E483 /* MainViewController.m */ = {isa = PBXFileReference; lastKnownFileType = sourcecode.c.objc; name = MainViewController.m; path = Classes/MainViewController.m; sourceTree = "<group>"; };
		7941594515F31E0F0072E483 /* MainViewController.xib */ = {isa = PBXFileReference; lastKnownFileType = file.xib; name = MainViewController.xib; path = Classes/MainViewController.xib; sourceTree = "<group>"; };
		7941594815F31E0F0072E483 /* README */ = {isa = PBXFileReference; name = README; path = Plugins/README; sourceTree = "<group>"; };
		7941594915F31E0F0072E483 /* verify.sh */ = {isa = PBXFileReference; path = verify.sh; sourceTree = "<group>"; };
/* End PBXFileReference section */

/* Begin PBXFrameworksBuildPhase section */
		794158EE15F31E0E0072E483 /* Frameworks */ = {
			isa = PBXFrameworksBuildPhase;
			buildActionMask = 2147483647;
			files = (
				794158F915F31E0E0072E483 /* Foundation.framework in Frameworks */,
				794158FB15F31E0E0072E483 /* UIKit.framework in Frameworks */,
				794158FD15F31E0E0072E483 /* CoreGraphics.framework in Frameworks */,
				794158FF15F31E0E0072E483 /* AddressBook.framework in Frameworks */,
				7941590115F31E0E0072E483 /* AddressBookUI.framework in Frameworks */,
				7941590315F31E0E0072E483 /* AudioToolbox.framework in Frameworks */,
				7941590515F31E0E0072E483 /* AVFoundation.framework in Frameworks */,
				7941590715F31E0E0072E483 /* CoreLocation.framework in Frameworks */,
				7941590915F31E0F0072E483 /* MediaPlayer.framework in Frameworks */,
				7941590B15F31E0F0072E483 /* QuartzCore.framework in Frameworks */,
				7941590D15F31E0F0072E483 /* SystemConfiguration.framework in Frameworks */,
				7941590F15F31E0F0072E483 /* MobileCoreServices.framework in Frameworks */,
				7941591115F31E0F0072E483 /* CoreMedia.framework in Frameworks */,
				7941591C15F31E0F0072E483 /* Cordova.framework in Frameworks */,
			);
			runOnlyForDeploymentPostprocessing = 0;
		};
		794158F115F31E0E0072E483 /* Frameworks */ = {
			isa = PBXFrameworksBuildPhase;
			buildActionMask = 2147483647;
			files = (
			);
			runOnlyForDeploymentPostprocessing = 0;
		};
/* End PBXFrameworksBuildPhase section */

/* Begin PBXGroup section */
		794158E615F31E0E0072E483 = {
			isa = PBXGroup;
			children = (
				7941591215F31E0F0072E483 /* AutoDashMobile */,
				794158F715F31E0E0072E483 /* Frameworks */,
				794158F515F31E0E0072E483 /* Products */,
			);
			sourceTree = "<group>";
		};
		794158F515F31E0E0072E483 /* Products */ = {
			isa = PBXGroup;
			children = (
				794158F415F31E0E0072E483 /* AutoDashMobile.app */,
			);
			name = Products;
			sourceTree = "<group>";
		};
		794158F715F31E0E0072E483 /* Frameworks */ = {
			isa = PBXGroup;
			children = (
				794158F815F31E0E0072E483 /* Foundation.framework */,
				794158FA15F31E0E0072E483 /* UIKit.framework */,
				794158FC15F31E0E0072E483 /* CoreGraphics.framework */,
				794158FE15F31E0E0072E483 /* AddressBook.framework */,
				7941590015F31E0E0072E483 /* AddressBookUI.framework */,
				7941590215F31E0E0072E483 /* AudioToolbox.framework */,
				7941590415F31E0E0072E483 /* AVFoundation.framework */,
				7941590615F31E0E0072E483 /* CoreLocation.framework */,
				7941590815F31E0F0072E483 /* MediaPlayer.framework */,
				7941590A15F31E0F0072E483 /* QuartzCore.framework */,
				7941590C15F31E0F0072E483 /* SystemConfiguration.framework */,
				7941590E15F31E0F0072E483 /* MobileCoreServices.framework */,
				7941591015F31E0F0072E483 /* CoreMedia.framework */,
			);
			name = Frameworks;
			sourceTree = "<group>";
		};
		7941591215F31E0F0072E483 /* AutoDashMobile */ = {
			isa = PBXGroup;
			children = (
				7941591B15F31E0F0072E483 /* Cordova.framework */,
				7941591D15F31E0F0072E483 /* Resources */,
				7941593E15F31E0F0072E483 /* Classes */,
				7941594715F31E0F0072E483 /* Plugins */,
				7941591315F31E0F0072E483 /* Supporting Files */,
			);
			path = AutoDashMobile;
			sourceTree = "<group>";
		};
		7941591315F31E0F0072E483 /* Supporting Files */ = {
			isa = PBXGroup;
			children = (
				7941591415F31E0F0072E483 /* AutoDashMobile-Info.plist */,
				7941591515F31E0F0072E483 /* InfoPlist.strings */,
				7941591815F31E0F0072E483 /* main.m */,
				7941591A15F31E0F0072E483 /* AutoDashMobile-Prefix.pch */,
				7941593C15F31E0F0072E483 /* Cordova.plist */,
				7941594515F31E0F0072E483 /* MainViewController.xib */,
				7941594915F31E0F0072E483 /* verify.sh */,
			);
			name = "Supporting Files";
			sourceTree = "<group>";
		};
		7941591D15F31E0F0072E483 /* Resources */ = {
			isa = PBXGroup;
			children = (
				7941593A15F31E0F0072E483 /* Capture.bundle */,
				7941591E15F31E0F0072E483 /* en.lproj */,
				7941592215F31E0F0072E483 /* es.lproj */,
				7941592615F31E0F0072E483 /* de.lproj */,
				7941592A15F31E0F0072E483 /* se.lproj */,
				7941592E15F31E0F0072E483 /* icons */,
				7941593515F31E0F0072E483 /* splash */,
			);
			name = Resources;
			sourceTree = "<group>";
		};
		7941591E15F31E0F0072E483 /* en.lproj */ = {
			isa = PBXGroup;
			children = (
				7941591F15F31E0F0072E483 /* Localizable.strings */,
			);
			name = en.lproj;
			sourceTree = "<group>";
		};
		7941592215F31E0F0072E483 /* es.lproj */ = {
			isa = PBXGroup;
			children = (
				7941592315F31E0F0072E483 /* Localizable.strings */,
			);
			name = es.lproj;
			sourceTree = "<group>";
		};
		7941592615F31E0F0072E483 /* de.lproj */ = {
			isa = PBXGroup;
			children = (
				7941592715F31E0F0072E483 /* Localizable.strings */,
			);
			name = de.lproj;
			sourceTree = "<group>";
		};
		7941592A15F31E0F0072E483 /* se.lproj */ = {
			isa = PBXGroup;
			children = (
				7941592B15F31E0F0072E483 /* Localizable.strings */,
			);
			name = se.lproj;
			sourceTree = "<group>";
		};
		7941592E15F31E0F0072E483 /* icons */ = {
			isa = PBXGroup;
			children = (
				7941592F15F31E0F0072E483 /* icon.png */,
				7941593115F31E0F0072E483 /* icon@2x.png */,
				7941593315F31E0F0072E483 /* icon-72.png */,
			);
			name = icons;
			sourceTree = "<group>";
		};
		7941593515F31E0F0072E483 /* splash */ = {
			isa = PBXGroup;
			children = (
				7941593615F31E0F0072E483 /* Default~iphone.png */,
				7941593815F31E0F0072E483 /* Default@2x~iphone.png */,
			);
			name = splash;
			sourceTree = "<group>";
		};
		7941593E15F31E0F0072E483 /* Classes */ = {
			isa = PBXGroup;
			children = (
				7941593F15F31E0F0072E483 /* AppDelegate.h */,
				7941594015F31E0F0072E483 /* AppDelegate.m */,
				7941594215F31E0F0072E483 /* MainViewController.h */,
				7941594315F31E0F0072E483 /* MainViewController.m */,
			);
			name = Classes;
			sourceTree = "<group>";
		};
		7941594715F31E0F0072E483 /* Plugins */ = {
			isa = PBXGroup;
			children = (
				7941594815F31E0F0072E483 /* README */,
			);
			name = Plugins;
			sourceTree = "<group>";
		};
/* End PBXGroup section */

/* Begin PBXNativeTarget section */
		794158F315F31E0E0072E483 /* AutoDashMobile */ = {
			isa = PBXNativeTarget;
			buildConfigurationList = 7941594C15F31E0F0072E483 /* Build configuration list for PBXNativeTarget "AutoDashMobile" */;
			buildPhases = (
				794158ED15F31E0E0072E483 /* Sources */,
				794158EE15F31E0E0072E483 /* Frameworks */,
				794158EF15F31E0E0072E483 /* Resources */,
				794158F015F31E0E0072E483 /* Sources */,
				794158F115F31E0E0072E483 /* Frameworks */,
				794158F215F31E0E0072E483 /* ShellScript */,
			);
			buildRules = (
			);
			dependencies = (
			);
			name = AutoDashMobile;
			productName = AutoDashMobile;
			productReference = 794158F415F31E0E0072E483 /* AutoDashMobile.app */;
			productType = "com.apple.product-type.application";
		};
/* End PBXNativeTarget section */

/* Begin PBXProject section */
		794158E815F31E0E0072E483 /* Project object */ = {
			isa = PBXProject;
			attributes = {
				LastUpgradeCheck = 0420;
				ORGANIZATIONNAME = "University of British Columbia";
			};
			buildConfigurationList = 794158EB15F31E0E0072E483 /* Build configuration list for PBXProject "AutoDashMobile" */;
			compatibilityVersion = "Xcode 3.2";
			developmentRegion = English;
			hasScannedForEncodings = 0;
			knownRegions = (
				en,
				es,
				de,
				se,
			);
			mainGroup = 794158E615F31E0E0072E483;
			productRefGroup = 794158F515F31E0E0072E483 /* Products */;
			projectDirPath = "";
			projectRoot = "";
			targets = (
				794158F315F31E0E0072E483 /* AutoDashMobile */,
			);
		};
/* End PBXProject section */

/* Begin PBXResourcesBuildPhase section */
		794158EF15F31E0E0072E483 /* Resources */ = {
			isa = PBXResourcesBuildPhase;
			buildActionMask = 2147483647;
			files = (
				7941591715F31E0F0072E483 /* InfoPlist.strings in Resources */,
				7941592115F31E0F0072E483 /* Localizable.strings in Resources */,
				7941592515F31E0F0072E483 /* Localizable.strings in Resources */,
				7941592915F31E0F0072E483 /* Localizable.strings in Resources */,
				7941592D15F31E0F0072E483 /* Localizable.strings in Resources */,
				7941593015F31E0F0072E483 /* icon.png in Resources */,
				7941593215F31E0F0072E483 /* icon@2x.png in Resources */,
				7941593415F31E0F0072E483 /* icon-72.png in Resources */,
				7941593715F31E0F0072E483 /* Default~iphone.png in Resources */,
				7941593915F31E0F0072E483 /* Default@2x~iphone.png in Resources */,
				7941593B15F31E0F0072E483 /* Capture.bundle in Resources */,
				7941593D15F31E0F0072E483 /* Cordova.plist in Resources */,
				7941594615F31E0F0072E483 /* MainViewController.xib in Resources */,
			);
			runOnlyForDeploymentPostprocessing = 0;
		};
/* End PBXResourcesBuildPhase section */

/* Begin PBXShellScriptBuildPhase section */
		794158F215F31E0E0072E483 /* ShellScript */ = {
			isa = PBXShellScriptBuildPhase;
			buildActionMask = 2147483647;
			files = (
			);
			inputPaths = (
			);
			outputPaths = (
			);
			runOnlyForDeploymentPostprocessing = 0;
			shellPath = /bin/bash;
			shellScript = "\n\t\t\t\t\t\t\t\tchmod 755 \"$PROJECT_DIR/$PROJECT_NAME/verify.sh\"\n\t\t\t\t\t\t\t\t\"$PROJECT_DIR/$PROJECT_NAME/verify.sh\"\n\t\t\t\t\t";
		};
/* End PBXShellScriptBuildPhase section */

/* Begin PBXSourcesBuildPhase section */
		794158ED15F31E0E0072E483 /* Sources */ = {
			isa = PBXSourcesBuildPhase;
			buildActionMask = 2147483647;
			files = (
				7941591915F31E0F0072E483 /* main.m in Sources */,
				7941594115F31E0F0072E483 /* AppDelegate.m in Sources */,
				7941594415F31E0F0072E483 /* MainViewController.m in Sources */,
			);
			runOnlyForDeploymentPostprocessing = 0;
		};
		794158F015F31E0E0072E483 /* Sources */ = {
			isa = PBXSourcesBuildPhase;
			buildActionMask = 2147483647;
			files = (
			);
			runOnlyForDeploymentPostprocessing = 0;
		};
/* End PBXSourcesBuildPhase section */

/* Begin PBXVariantGroup section */
		7941591515F31E0F0072E483 /* InfoPlist.strings */ = {
			isa = PBXVariantGroup;
			children = (
				7941591615F31E0F0072E483 /* en */,
			);
			name = InfoPlist.strings;
			sourceTree = "<group>";
		};
		7941591F15F31E0F0072E483 /* Localizable.strings */ = {
			isa = PBXVariantGroup;
			children = (
				7941592015F31E0F0072E483 /* en */,
			);
			name = Localizable.strings;
			sourceTree = "<group>";
		};
		7941592315F31E0F0072E483 /* Localizable.strings */ = {
			isa = PBXVariantGroup;
			children = (
				7941592415F31E0F0072E483 /* es */,
			);
			name = Localizable.strings;
			sourceTree = "<group>";
		};
		7941592715F31E0F0072E483 /* Localizable.strings */ = {
			isa = PBXVariantGroup;
			children = (
				7941592815F31E0F0072E483 /* de */,
			);
			name = Localizable.strings;
			sourceTree = "<group>";
		};
		7941592B15F31E0F0072E483 /* Localizable.strings */ = {
			isa = PBXVariantGroup;
			children = (
				7941592C15F31E0F0072E483 /* se */,
			);
			name = Localizable.strings;
			sourceTree = "<group>";
		};
/* End PBXVariantGroup section */

/* Begin XCBuildConfiguration section */
		7941594A15F31E0F0072E483 /* Debug */ = {
			isa = XCBuildConfiguration;
			buildSettings = {
				ALWAYS_SEARCH_USER_PATHS = NO;
				ARCHS = (
					armv6,
					"$(ARCHS_STANDARD_32_BIT)",
				);
				"CODE_SIGN_IDENTITY[sdk=iphoneos*]" = "iPhone Developer";
				COPY_PHASE_STRIP = NO;
				GCC_C_LANGUAGE_STANDARD = gnu99;
				GCC_DYNAMIC_NO_PIC = NO;
				GCC_OPTIMIZATION_LEVEL = 0;
				GCC_PREPROCESSOR_DEFINITIONS = (
					"DEBUG=1",
					"$(inherited)",
				);
				GCC_SYMBOLS_PRIVATE_EXTERN = NO;
				GCC_VERSION = com.apple.compilers.llvm.clang.1_0;
				GCC_WARN_ABOUT_MISSING_PROTOTYPES = YES;
				GCC_WARN_ABOUT_RETURN_TYPE = YES;
				GCC_WARN_UNUSED_VARIABLE = YES;
				IPHONEOS_DEPLOYMENT_TARGET = 3.0;
				SDKROOT = iphoneos;
			};
			name = Debug;
		};
		7941594B15F31E0F0072E483 /* Release */ = {
			isa = XCBuildConfiguration;
			buildSettings = {
				ALWAYS_SEARCH_USER_PATHS = NO;
				ARCHS = (
					armv6,
					"$(ARCHS_STANDARD_32_BIT)",
				);
				"CODE_SIGN_IDENTITY[sdk=iphoneos*]" = "iPhone Developer";
				COPY_PHASE_STRIP = YES;
				GCC_C_LANGUAGE_STANDARD = gnu99;
				GCC_VERSION = com.apple.compilers.llvm.clang.1_0;
				GCC_WARN_ABOUT_MISSING_PROTOTYPES = YES;
				GCC_WARN_ABOUT_RETURN_TYPE = YES;
				GCC_WARN_UNUSED_VARIABLE = YES;
				IPHONEOS_DEPLOYMENT_TARGET = 3.0;
				SDKROOT = iphoneos;
				VALIDATE_PRODUCT = YES;
			};
			name = Release;
		};
		7941594D15F31E0F0072E483 /* Debug */ = {
			isa = XCBuildConfiguration;
			buildSettings = {
				ALWAYS_SEARCH_USER_PATHS = YES;
				COPY_PHASE_STRIP = NO;
				FRAMEWORK_SEARCH_PATHS = (
					/Users/Shared/Cordova/Frameworks,
					"\"$(DEVELOPER_FRAMEWORKS_DIR)\"",
				);
				GCC_DYNAMIC_NO_PIC = NO;
				GCC_PRECOMPILE_PREFIX_HEADER = YES;
				GCC_PREFIX_HEADER = "AutoDashMobile/AutoDashMobile-Prefix.pch";
				GCC_PREPROCESSOR_DEFINITIONS = (
					"DEBUG=1,",
					"CORDOVA_FRAMEWORK=1",
				);
				INFOPLIST_FILE = "AutoDashMobile/AutoDashMobile-Info.plist";
				OTHER_LDFLAGS = (
					"-weak_framework",
					UIKit,
					"-weak_framework",
					AVFoundation,
					"-weak_framework",
					CoreMedia,
					"-weak-lSystem",
				);
				PRODUCT_NAME = "$(TARGET_NAME)";
				TARGETED_DEVICE_FAMILY = "1,2";
				WRAPPER_EXTENSION = app;
			};
			name = Debug;
		};
		7941594E15F31E0F0072E483 /* Release */ = {
			isa = XCBuildConfiguration;
			buildSettings = {
				ALWAYS_SEARCH_USER_PATHS = YES;
				COPY_PHASE_STRIP = YES;
				DEBUG_INFORMATION_FORMAT = "dwarf-with-dsym";
				FRAMEWORK_SEARCH_PATHS = (
					/Users/Shared/Cordova/Frameworks,
					"\"$(DEVELOPER_FRAMEWORKS_DIR)\"",
				);
				GCC_PRECOMPILE_PREFIX_HEADER = YES;
				GCC_PREFIX_HEADER = "AutoDashMobile/AutoDashMobile-Prefix.pch";
				GCC_PREPROCESSOR_DEFINITIONS = (
					"NDEBUG=1,",
					"CORDOVA_FRAMEWORK=1",
				);
				INFOPLIST_FILE = "AutoDashMobile/AutoDashMobile-Info.plist";
				OTHER_LDFLAGS = (
					"-weak_framework",
					UIKit,
					"-weak_framework",
					AVFoundation,
					"-weak_framework",
					CoreMedia,
					"-weak-lSystem",
				);
				PRODUCT_NAME = "$(TARGET_NAME)";
				TARGETED_DEVICE_FAMILY = "1,2";
				VALIDATE_PRODUCT = YES;
				WRAPPER_EXTENSION = app;
			};
			name = Release;
		};
/* End XCBuildConfiguration section */

/* Begin XCConfigurationList section */
		794158EB15F31E0E0072E483 /* Build configuration list for PBXProject "AutoDashMobile" */ = {
			isa = XCConfigurationList;
			buildConfigurations = (
				7941594A15F31E0F0072E483 /* Debug */,
				7941594B15F31E0F0072E483 /* Release */,
			);
			defaultConfigurationIsVisible = 0;
			defaultConfigurationName = Release;
		};
		7941594C15F31E0F0072E483 /* Build configuration list for PBXNativeTarget "AutoDashMobile" */ = {
			isa = XCConfigurationList;
			buildConfigurations = (
				7941594D15F31E0F0072E483 /* Debug */,
				7941594E15F31E0F0072E483 /* Release */,
			);
			defaultConfigurationIsVisible = 0;
		};
/* End XCConfigurationList section */
	};
	rootObject = 794158E815F31E0E0072E483 /* Project object */;
}
