// !$*UTF8*$!
{
	archiveVersion = 1;
	classes = {
	};
	objectVersion = 46;
	objects = {

/* Begin PBXBuildFile section */
		79E8881A15F0801200C9FE4F /* Foundation.framework in Frameworks */ = {isa = PBXBuildFile; fileRef = 79E8881915F0801200C9FE4F /* Foundation.framework */; };
		79E8881C15F0801200C9FE4F /* UIKit.framework in Frameworks */ = {isa = PBXBuildFile; fileRef = 79E8881B15F0801200C9FE4F /* UIKit.framework */; };
		79E8881E15F0801200C9FE4F /* CoreGraphics.framework in Frameworks */ = {isa = PBXBuildFile; fileRef = 79E8881D15F0801200C9FE4F /* CoreGraphics.framework */; };
		79E8882015F0801200C9FE4F /* AddressBook.framework in Frameworks */ = {isa = PBXBuildFile; fileRef = 79E8881F15F0801200C9FE4F /* AddressBook.framework */; };
		79E8882215F0801200C9FE4F /* AddressBookUI.framework in Frameworks */ = {isa = PBXBuildFile; fileRef = 79E8882115F0801200C9FE4F /* AddressBookUI.framework */; };
		79E8882415F0801200C9FE4F /* AudioToolbox.framework in Frameworks */ = {isa = PBXBuildFile; fileRef = 79E8882315F0801200C9FE4F /* AudioToolbox.framework */; };
		79E8882615F0801200C9FE4F /* AVFoundation.framework in Frameworks */ = {isa = PBXBuildFile; fileRef = 79E8882515F0801200C9FE4F /* AVFoundation.framework */; };
		79E8882815F0801200C9FE4F /* CoreLocation.framework in Frameworks */ = {isa = PBXBuildFile; fileRef = 79E8882715F0801200C9FE4F /* CoreLocation.framework */; };
		79E8882A15F0801200C9FE4F /* MediaPlayer.framework in Frameworks */ = {isa = PBXBuildFile; fileRef = 79E8882915F0801200C9FE4F /* MediaPlayer.framework */; };
		79E8882C15F0801200C9FE4F /* QuartzCore.framework in Frameworks */ = {isa = PBXBuildFile; fileRef = 79E8882B15F0801200C9FE4F /* QuartzCore.framework */; };
		79E8882E15F0801200C9FE4F /* SystemConfiguration.framework in Frameworks */ = {isa = PBXBuildFile; fileRef = 79E8882D15F0801200C9FE4F /* SystemConfiguration.framework */; };
		79E8883015F0801200C9FE4F /* MobileCoreServices.framework in Frameworks */ = {isa = PBXBuildFile; fileRef = 79E8882F15F0801200C9FE4F /* MobileCoreServices.framework */; };
		79E8883215F0801200C9FE4F /* CoreMedia.framework in Frameworks */ = {isa = PBXBuildFile; fileRef = 79E8883115F0801200C9FE4F /* CoreMedia.framework */; };
		79E8883815F0801200C9FE4F /* InfoPlist.strings in Resources */ = {isa = PBXBuildFile; fileRef = 79E8883615F0801200C9FE4F /* InfoPlist.strings */; };
		79E8883A15F0801200C9FE4F /* main.m in Sources */ = {isa = PBXBuildFile; fileRef = 79E8883915F0801200C9FE4F /* main.m */; };
		79E8883D15F0801200C9FE4F /* Cordova.framework in Frameworks */ = {isa = PBXBuildFile; fileRef = 79E8883C15F0801200C9FE4F /* Cordova.framework */; };
		79E8884215F0801200C9FE4F /* Localizable.strings in Resources */ = {isa = PBXBuildFile; fileRef = 79E8884015F0801200C9FE4F /* Localizable.strings */; };
		79E8884615F0801200C9FE4F /* Localizable.strings in Resources */ = {isa = PBXBuildFile; fileRef = 79E8884415F0801200C9FE4F /* Localizable.strings */; };
		79E8884A15F0801200C9FE4F /* Localizable.strings in Resources */ = {isa = PBXBuildFile; fileRef = 79E8884815F0801200C9FE4F /* Localizable.strings */; };
		79E8884E15F0801200C9FE4F /* Localizable.strings in Resources */ = {isa = PBXBuildFile; fileRef = 79E8884C15F0801200C9FE4F /* Localizable.strings */; };
		79E8885115F0801200C9FE4F /* icon.png in Resources */ = {isa = PBXBuildFile; fileRef = 79E8885015F0801200C9FE4F /* icon.png */; };
		79E8885315F0801200C9FE4F /* icon@2x.png in Resources */ = {isa = PBXBuildFile; fileRef = 79E8885215F0801200C9FE4F /* icon@2x.png */; };
		79E8885515F0801200C9FE4F /* icon-72.png in Resources */ = {isa = PBXBuildFile; fileRef = 79E8885415F0801200C9FE4F /* icon-72.png */; };
		79E8885815F0801200C9FE4F /* Default~iphone.png in Resources */ = {isa = PBXBuildFile; fileRef = 79E8885715F0801200C9FE4F /* Default~iphone.png */; };
		79E8885A15F0801200C9FE4F /* Default@2x~iphone.png in Resources */ = {isa = PBXBuildFile; fileRef = 79E8885915F0801200C9FE4F /* Default@2x~iphone.png */; };
		79E8885C15F0801300C9FE4F /* Capture.bundle in Resources */ = {isa = PBXBuildFile; fileRef = 79E8885B15F0801300C9FE4F /* Capture.bundle */; };
		79E8885E15F0801300C9FE4F /* Cordova.plist in Resources */ = {isa = PBXBuildFile; fileRef = 79E8885D15F0801300C9FE4F /* Cordova.plist */; };
		79E8886215F0801300C9FE4F /* AppDelegate.m in Sources */ = {isa = PBXBuildFile; fileRef = 79E8886115F0801300C9FE4F /* AppDelegate.m */; };
		79E8886515F0801300C9FE4F /* MainViewController.m in Sources */ = {isa = PBXBuildFile; fileRef = 79E8886415F0801300C9FE4F /* MainViewController.m */; };
		79E8886715F0801300C9FE4F /* MainViewController.xib in Resources */ = {isa = PBXBuildFile; fileRef = 79E8886615F0801300C9FE4F /* MainViewController.xib */; };
		79E8887115F0836D00C9FE4F /* www in Resources */ = {isa = PBXBuildFile; fileRef = 79E8887015F0836D00C9FE4F /* www */; };
/* End PBXBuildFile section */

/* Begin PBXFileReference section */
		79E8881515F0801200C9FE4F /* AutoDashMobile.app */ = {isa = PBXFileReference; explicitFileType = wrapper.application; includeInIndex = 0; path = AutoDashMobile.app; sourceTree = BUILT_PRODUCTS_DIR; };
		79E8881915F0801200C9FE4F /* Foundation.framework */ = {isa = PBXFileReference; lastKnownFileType = wrapper.framework; name = Foundation.framework; path = System/Library/Frameworks/Foundation.framework; sourceTree = SDKROOT; };
		79E8881B15F0801200C9FE4F /* UIKit.framework */ = {isa = PBXFileReference; lastKnownFileType = wrapper.framework; name = UIKit.framework; path = System/Library/Frameworks/UIKit.framework; sourceTree = SDKROOT; };
		79E8881D15F0801200C9FE4F /* CoreGraphics.framework */ = {isa = PBXFileReference; lastKnownFileType = wrapper.framework; name = CoreGraphics.framework; path = System/Library/Frameworks/CoreGraphics.framework; sourceTree = SDKROOT; };
		79E8881F15F0801200C9FE4F /* AddressBook.framework */ = {isa = PBXFileReference; lastKnownFileType = wrapper.framework; name = AddressBook.framework; path = System/Library/Frameworks/AddressBook.framework; sourceTree = SDKROOT; };
		79E8882115F0801200C9FE4F /* AddressBookUI.framework */ = {isa = PBXFileReference; lastKnownFileType = wrapper.framework; name = AddressBookUI.framework; path = System/Library/Frameworks/AddressBookUI.framework; sourceTree = SDKROOT; };
		79E8882315F0801200C9FE4F /* AudioToolbox.framework */ = {isa = PBXFileReference; lastKnownFileType = wrapper.framework; name = AudioToolbox.framework; path = System/Library/Frameworks/AudioToolbox.framework; sourceTree = SDKROOT; };
		79E8882515F0801200C9FE4F /* AVFoundation.framework */ = {isa = PBXFileReference; lastKnownFileType = wrapper.framework; name = AVFoundation.framework; path = System/Library/Frameworks/AVFoundation.framework; sourceTree = SDKROOT; };
		79E8882715F0801200C9FE4F /* CoreLocation.framework */ = {isa = PBXFileReference; lastKnownFileType = wrapper.framework; name = CoreLocation.framework; path = System/Library/Frameworks/CoreLocation.framework; sourceTree = SDKROOT; };
		79E8882915F0801200C9FE4F /* MediaPlayer.framework */ = {isa = PBXFileReference; lastKnownFileType = wrapper.framework; name = MediaPlayer.framework; path = System/Library/Frameworks/MediaPlayer.framework; sourceTree = SDKROOT; };
		79E8882B15F0801200C9FE4F /* QuartzCore.framework */ = {isa = PBXFileReference; lastKnownFileType = wrapper.framework; name = QuartzCore.framework; path = System/Library/Frameworks/QuartzCore.framework; sourceTree = SDKROOT; };
		79E8882D15F0801200C9FE4F /* SystemConfiguration.framework */ = {isa = PBXFileReference; lastKnownFileType = wrapper.framework; name = SystemConfiguration.framework; path = System/Library/Frameworks/SystemConfiguration.framework; sourceTree = SDKROOT; };
		79E8882F15F0801200C9FE4F /* MobileCoreServices.framework */ = {isa = PBXFileReference; lastKnownFileType = wrapper.framework; name = MobileCoreServices.framework; path = System/Library/Frameworks/MobileCoreServices.framework; sourceTree = SDKROOT; };
		79E8883115F0801200C9FE4F /* CoreMedia.framework */ = {isa = PBXFileReference; lastKnownFileType = wrapper.framework; name = CoreMedia.framework; path = System/Library/Frameworks/CoreMedia.framework; sourceTree = SDKROOT; };
		79E8883515F0801200C9FE4F /* AutoDashMobile-Info.plist */ = {isa = PBXFileReference; lastKnownFileType = text.plist.xml; path = "AutoDashMobile-Info.plist"; sourceTree = "<group>"; };
		79E8883715F0801200C9FE4F /* en */ = {isa = PBXFileReference; lastKnownFileType = text.plist.strings; name = en; path = en.lproj/InfoPlist.strings; sourceTree = "<group>"; };
		79E8883915F0801200C9FE4F /* main.m */ = {isa = PBXFileReference; lastKnownFileType = sourcecode.c.objc; path = main.m; sourceTree = "<group>"; };
		79E8883B15F0801200C9FE4F /* AutoDashMobile-Prefix.pch */ = {isa = PBXFileReference; lastKnownFileType = sourcecode.c.h; path = "AutoDashMobile-Prefix.pch"; sourceTree = "<group>"; };
		79E8883C15F0801200C9FE4F /* Cordova.framework */ = {isa = PBXFileReference; lastKnownFileType = wrapper.framework; name = Cordova.framework; path = /Users/Shared/Cordova/Frameworks/Cordova.framework; sourceTree = "<absolute>"; };
		79E8884115F0801200C9FE4F /* en */ = {isa = PBXFileReference; lastKnownFileType = text.plist.strings; name = en; path = Resources/en.lproj/Localizable.strings; sourceTree = "<group>"; };
		79E8884515F0801200C9FE4F /* es */ = {isa = PBXFileReference; lastKnownFileType = text.plist.strings; name = es; path = Resources/es.lproj/Localizable.strings; sourceTree = "<group>"; };
		79E8884915F0801200C9FE4F /* de */ = {isa = PBXFileReference; lastKnownFileType = text.plist.strings; name = de; path = Resources/de.lproj/Localizable.strings; sourceTree = "<group>"; };
		79E8884D15F0801200C9FE4F /* se */ = {isa = PBXFileReference; lastKnownFileType = text.plist.strings; name = se; path = Resources/se.lproj/Localizable.strings; sourceTree = "<group>"; };
		79E8885015F0801200C9FE4F /* icon.png */ = {isa = PBXFileReference; lastKnownFileType = image.png; name = icon.png; path = Resources/icons/icon.png; sourceTree = "<group>"; };
		79E8885215F0801200C9FE4F /* icon@2x.png */ = {isa = PBXFileReference; lastKnownFileType = image.png; name = "icon@2x.png"; path = "Resources/icons/icon@2x.png"; sourceTree = "<group>"; };
		79E8885415F0801200C9FE4F /* icon-72.png */ = {isa = PBXFileReference; lastKnownFileType = image.png; name = "icon-72.png"; path = "Resources/icons/icon-72.png"; sourceTree = "<group>"; };
		79E8885715F0801200C9FE4F /* Default~iphone.png */ = {isa = PBXFileReference; lastKnownFileType = image.png; name = "Default~iphone.png"; path = "Resources/splash/Default~iphone.png"; sourceTree = "<group>"; };
		79E8885915F0801200C9FE4F /* Default@2x~iphone.png */ = {isa = PBXFileReference; lastKnownFileType = image.png; name = "Default@2x~iphone.png"; path = "Resources/splash/Default@2x~iphone.png"; sourceTree = "<group>"; };
		79E8885B15F0801300C9FE4F /* Capture.bundle */ = {isa = PBXFileReference; lastKnownFileType = "wrapper.plug-in"; name = Capture.bundle; path = Resources/Capture.bundle; sourceTree = "<group>"; };
		79E8885D15F0801300C9FE4F /* Cordova.plist */ = {isa = PBXFileReference; lastKnownFileType = text.plist.xml; path = Cordova.plist; sourceTree = "<group>"; };
		79E8886015F0801300C9FE4F /* AppDelegate.h */ = {isa = PBXFileReference; lastKnownFileType = sourcecode.c.h; name = AppDelegate.h; path = Classes/AppDelegate.h; sourceTree = "<group>"; };
		79E8886115F0801300C9FE4F /* AppDelegate.m */ = {isa = PBXFileReference; lastKnownFileType = sourcecode.c.objc; name = AppDelegate.m; path = Classes/AppDelegate.m; sourceTree = "<group>"; };
		79E8886315F0801300C9FE4F /* MainViewController.h */ = {isa = PBXFileReference; lastKnownFileType = sourcecode.c.h; name = MainViewController.h; path = Classes/MainViewController.h; sourceTree = "<group>"; };
		79E8886415F0801300C9FE4F /* MainViewController.m */ = {isa = PBXFileReference; lastKnownFileType = sourcecode.c.objc; name = MainViewController.m; path = Classes/MainViewController.m; sourceTree = "<group>"; };
		79E8886615F0801300C9FE4F /* MainViewController.xib */ = {isa = PBXFileReference; lastKnownFileType = file.xib; name = MainViewController.xib; path = Classes/MainViewController.xib; sourceTree = "<group>"; };
		79E8886915F0801300C9FE4F /* README */ = {isa = PBXFileReference; lastKnownFileType = text; name = README; path = Plugins/README; sourceTree = "<group>"; };
		79E8886A15F0801300C9FE4F /* verify.sh */ = {isa = PBXFileReference; lastKnownFileType = text.script.sh; path = verify.sh; sourceTree = "<group>"; };
		79E8887015F0836D00C9FE4F /* www */ = {isa = PBXFileReference; lastKnownFileType = folder; path = www; sourceTree = "<group>"; };
/* End PBXFileReference section */

/* Begin PBXFrameworksBuildPhase section */
		79E8880F15F0801200C9FE4F /* Frameworks */ = {
			isa = PBXFrameworksBuildPhase;
			buildActionMask = 2147483647;
			files = (
				79E8881A15F0801200C9FE4F /* Foundation.framework in Frameworks */,
				79E8881C15F0801200C9FE4F /* UIKit.framework in Frameworks */,
				79E8881E15F0801200C9FE4F /* CoreGraphics.framework in Frameworks */,
				79E8882015F0801200C9FE4F /* AddressBook.framework in Frameworks */,
				79E8882215F0801200C9FE4F /* AddressBookUI.framework in Frameworks */,
				79E8882415F0801200C9FE4F /* AudioToolbox.framework in Frameworks */,
				79E8882615F0801200C9FE4F /* AVFoundation.framework in Frameworks */,
				79E8882815F0801200C9FE4F /* CoreLocation.framework in Frameworks */,
				79E8882A15F0801200C9FE4F /* MediaPlayer.framework in Frameworks */,
				79E8882C15F0801200C9FE4F /* QuartzCore.framework in Frameworks */,
				79E8882E15F0801200C9FE4F /* SystemConfiguration.framework in Frameworks */,
				79E8883015F0801200C9FE4F /* MobileCoreServices.framework in Frameworks */,
				79E8883215F0801200C9FE4F /* CoreMedia.framework in Frameworks */,
				79E8883D15F0801200C9FE4F /* Cordova.framework in Frameworks */,
			);
			runOnlyForDeploymentPostprocessing = 0;
		};
		79E8881215F0801200C9FE4F /* Frameworks */ = {
			isa = PBXFrameworksBuildPhase;
			buildActionMask = 2147483647;
			files = (
			);
			runOnlyForDeploymentPostprocessing = 0;
		};
/* End PBXFrameworksBuildPhase section */

/* Begin PBXGroup section */
		79E8880715F0801200C9FE4F = {
			isa = PBXGroup;
			children = (
				79E8887015F0836D00C9FE4F /* www */,
				79E8883315F0801200C9FE4F /* AutoDashMobile */,
				79E8881815F0801200C9FE4F /* Frameworks */,
				79E8881615F0801200C9FE4F /* Products */,
			);
			sourceTree = "<group>";
		};
		79E8881615F0801200C9FE4F /* Products */ = {
			isa = PBXGroup;
			children = (
				79E8881515F0801200C9FE4F /* AutoDashMobile.app */,
			);
			name = Products;
			sourceTree = "<group>";
		};
		79E8881815F0801200C9FE4F /* Frameworks */ = {
			isa = PBXGroup;
			children = (
				79E8881915F0801200C9FE4F /* Foundation.framework */,
				79E8881B15F0801200C9FE4F /* UIKit.framework */,
				79E8881D15F0801200C9FE4F /* CoreGraphics.framework */,
				79E8881F15F0801200C9FE4F /* AddressBook.framework */,
				79E8882115F0801200C9FE4F /* AddressBookUI.framework */,
				79E8882315F0801200C9FE4F /* AudioToolbox.framework */,
				79E8882515F0801200C9FE4F /* AVFoundation.framework */,
				79E8882715F0801200C9FE4F /* CoreLocation.framework */,
				79E8882915F0801200C9FE4F /* MediaPlayer.framework */,
				79E8882B15F0801200C9FE4F /* QuartzCore.framework */,
				79E8882D15F0801200C9FE4F /* SystemConfiguration.framework */,
				79E8882F15F0801200C9FE4F /* MobileCoreServices.framework */,
				79E8883115F0801200C9FE4F /* CoreMedia.framework */,
			);
			name = Frameworks;
			sourceTree = "<group>";
		};
		79E8883315F0801200C9FE4F /* AutoDashMobile */ = {
			isa = PBXGroup;
			children = (
				79E8883C15F0801200C9FE4F /* Cordova.framework */,
				79E8883E15F0801200C9FE4F /* Resources */,
				79E8885F15F0801300C9FE4F /* Classes */,
				79E8886815F0801300C9FE4F /* Plugins */,
				79E8883415F0801200C9FE4F /* Supporting Files */,
			);
			path = AutoDashMobile;
			sourceTree = "<group>";
		};
		79E8883415F0801200C9FE4F /* Supporting Files */ = {
			isa = PBXGroup;
			children = (
				79E8883515F0801200C9FE4F /* AutoDashMobile-Info.plist */,
				79E8883615F0801200C9FE4F /* InfoPlist.strings */,
				79E8883915F0801200C9FE4F /* main.m */,
				79E8883B15F0801200C9FE4F /* AutoDashMobile-Prefix.pch */,
				79E8885D15F0801300C9FE4F /* Cordova.plist */,
				79E8886615F0801300C9FE4F /* MainViewController.xib */,
				79E8886A15F0801300C9FE4F /* verify.sh */,
			);
			name = "Supporting Files";
			sourceTree = "<group>";
		};
		79E8883E15F0801200C9FE4F /* Resources */ = {
			isa = PBXGroup;
			children = (
				79E8885B15F0801300C9FE4F /* Capture.bundle */,
				79E8883F15F0801200C9FE4F /* en.lproj */,
				79E8884315F0801200C9FE4F /* es.lproj */,
				79E8884715F0801200C9FE4F /* de.lproj */,
				79E8884B15F0801200C9FE4F /* se.lproj */,
				79E8884F15F0801200C9FE4F /* icons */,
				79E8885615F0801200C9FE4F /* splash */,
			);
			name = Resources;
			sourceTree = "<group>";
		};
		79E8883F15F0801200C9FE4F /* en.lproj */ = {
			isa = PBXGroup;
			children = (
				79E8884015F0801200C9FE4F /* Localizable.strings */,
			);
			name = en.lproj;
			sourceTree = "<group>";
		};
		79E8884315F0801200C9FE4F /* es.lproj */ = {
			isa = PBXGroup;
			children = (
				79E8884415F0801200C9FE4F /* Localizable.strings */,
			);
			name = es.lproj;
			sourceTree = "<group>";
		};
		79E8884715F0801200C9FE4F /* de.lproj */ = {
			isa = PBXGroup;
			children = (
				79E8884815F0801200C9FE4F /* Localizable.strings */,
			);
			name = de.lproj;
			sourceTree = "<group>";
		};
		79E8884B15F0801200C9FE4F /* se.lproj */ = {
			isa = PBXGroup;
			children = (
				79E8884C15F0801200C9FE4F /* Localizable.strings */,
			);
			name = se.lproj;
			sourceTree = "<group>";
		};
		79E8884F15F0801200C9FE4F /* icons */ = {
			isa = PBXGroup;
			children = (
				79E8885015F0801200C9FE4F /* icon.png */,
				79E8885215F0801200C9FE4F /* icon@2x.png */,
				79E8885415F0801200C9FE4F /* icon-72.png */,
			);
			name = icons;
			sourceTree = "<group>";
		};
		79E8885615F0801200C9FE4F /* splash */ = {
			isa = PBXGroup;
			children = (
				79E8885715F0801200C9FE4F /* Default~iphone.png */,
				79E8885915F0801200C9FE4F /* Default@2x~iphone.png */,
			);
			name = splash;
			sourceTree = "<group>";
		};
		79E8885F15F0801300C9FE4F /* Classes */ = {
			isa = PBXGroup;
			children = (
				79E8886015F0801300C9FE4F /* AppDelegate.h */,
				79E8886115F0801300C9FE4F /* AppDelegate.m */,
				79E8886315F0801300C9FE4F /* MainViewController.h */,
				79E8886415F0801300C9FE4F /* MainViewController.m */,
			);
			name = Classes;
			sourceTree = "<group>";
		};
		79E8886815F0801300C9FE4F /* Plugins */ = {
			isa = PBXGroup;
			children = (
				79E8886915F0801300C9FE4F /* README */,
			);
			name = Plugins;
			sourceTree = "<group>";
		};
/* End PBXGroup section */

/* Begin PBXNativeTarget section */
		79E8881415F0801200C9FE4F /* AutoDashMobile */ = {
			isa = PBXNativeTarget;
			buildConfigurationList = 79E8886D15F0801300C9FE4F /* Build configuration list for PBXNativeTarget "AutoDashMobile" */;
			buildPhases = (
				79E8880E15F0801200C9FE4F /* Sources */,
				79E8880F15F0801200C9FE4F /* Frameworks */,
				79E8881015F0801200C9FE4F /* Resources */,
				79E8881115F0801200C9FE4F /* Sources */,
				79E8881215F0801200C9FE4F /* Frameworks */,
				79E8881315F0801200C9FE4F /* ShellScript */,
			);
			buildRules = (
			);
			dependencies = (
			);
			name = AutoDashMobile;
			productName = AutoDashMobile;
			productReference = 79E8881515F0801200C9FE4F /* AutoDashMobile.app */;
			productType = "com.apple.product-type.application";
		};
/* End PBXNativeTarget section */

/* Begin PBXProject section */
		79E8880915F0801200C9FE4F /* Project object */ = {
			isa = PBXProject;
			attributes = {
				LastUpgradeCheck = 0420;
				ORGANIZATIONNAME = "University of British Columbia";
			};
			buildConfigurationList = 79E8880C15F0801200C9FE4F /* Build configuration list for PBXProject "AutoDashMobile" */;
			compatibilityVersion = "Xcode 3.2";
			developmentRegion = English;
			hasScannedForEncodings = 0;
			knownRegions = (
				en,
				es,
				de,
				se,
			);
			mainGroup = 79E8880715F0801200C9FE4F;
			productRefGroup = 79E8881615F0801200C9FE4F /* Products */;
			projectDirPath = "";
			projectRoot = "";
			targets = (
				79E8881415F0801200C9FE4F /* AutoDashMobile */,
			);
		};
/* End PBXProject section */

/* Begin PBXResourcesBuildPhase section */
		79E8881015F0801200C9FE4F /* Resources */ = {
			isa = PBXResourcesBuildPhase;
			buildActionMask = 2147483647;
			files = (
				79E8883815F0801200C9FE4F /* InfoPlist.strings in Resources */,
				79E8884215F0801200C9FE4F /* Localizable.strings in Resources */,
				79E8884615F0801200C9FE4F /* Localizable.strings in Resources */,
				79E8884A15F0801200C9FE4F /* Localizable.strings in Resources */,
				79E8884E15F0801200C9FE4F /* Localizable.strings in Resources */,
				79E8885115F0801200C9FE4F /* icon.png in Resources */,
				79E8885315F0801200C9FE4F /* icon@2x.png in Resources */,
				79E8885515F0801200C9FE4F /* icon-72.png in Resources */,
				79E8885815F0801200C9FE4F /* Default~iphone.png in Resources */,
				79E8885A15F0801200C9FE4F /* Default@2x~iphone.png in Resources */,
				79E8885C15F0801300C9FE4F /* Capture.bundle in Resources */,
				79E8885E15F0801300C9FE4F /* Cordova.plist in Resources */,
				79E8886715F0801300C9FE4F /* MainViewController.xib in Resources */,
				79E8887115F0836D00C9FE4F /* www in Resources */,
			);
			runOnlyForDeploymentPostprocessing = 0;
		};
/* End PBXResourcesBuildPhase section */

/* Begin PBXShellScriptBuildPhase section */
		79E8881315F0801200C9FE4F /* ShellScript */ = {
			isa = PBXShellScriptBuildPhase;
			buildActionMask = 2147483647;
			files = (
			);
			inputPaths = (
			);
			outputPaths = (
			);
			runOnlyForDeploymentPostprocessing = 0;
			shellPath = /bin/bash;
			shellScript = "\n\t\t\t\t\t\t\t\tchmod 755 \"$PROJECT_DIR/$PROJECT_NAME/verify.sh\"\n\t\t\t\t\t\t\t\t\"$PROJECT_DIR/$PROJECT_NAME/verify.sh\"\n\t\t\t\t\t";
		};
/* End PBXShellScriptBuildPhase section */

/* Begin PBXSourcesBuildPhase section */
		79E8880E15F0801200C9FE4F /* Sources */ = {
			isa = PBXSourcesBuildPhase;
			buildActionMask = 2147483647;
			files = (
				79E8883A15F0801200C9FE4F /* main.m in Sources */,
				79E8886215F0801300C9FE4F /* AppDelegate.m in Sources */,
				79E8886515F0801300C9FE4F /* MainViewController.m in Sources */,
			);
			runOnlyForDeploymentPostprocessing = 0;
		};
		79E8881115F0801200C9FE4F /* Sources */ = {
			isa = PBXSourcesBuildPhase;
			buildActionMask = 2147483647;
			files = (
			);
			runOnlyForDeploymentPostprocessing = 0;
		};
/* End PBXSourcesBuildPhase section */

/* Begin PBXVariantGroup section */
		79E8883615F0801200C9FE4F /* InfoPlist.strings */ = {
			isa = PBXVariantGroup;
			children = (
				79E8883715F0801200C9FE4F /* en */,
			);
			name = InfoPlist.strings;
			sourceTree = "<group>";
		};
		79E8884015F0801200C9FE4F /* Localizable.strings */ = {
			isa = PBXVariantGroup;
			children = (
				79E8884115F0801200C9FE4F /* en */,
			);
			name = Localizable.strings;
			sourceTree = "<group>";
		};
		79E8884415F0801200C9FE4F /* Localizable.strings */ = {
			isa = PBXVariantGroup;
			children = (
				79E8884515F0801200C9FE4F /* es */,
			);
			name = Localizable.strings;
			sourceTree = "<group>";
		};
		79E8884815F0801200C9FE4F /* Localizable.strings */ = {
			isa = PBXVariantGroup;
			children = (
				79E8884915F0801200C9FE4F /* de */,
			);
			name = Localizable.strings;
			sourceTree = "<group>";
		};
		79E8884C15F0801200C9FE4F /* Localizable.strings */ = {
			isa = PBXVariantGroup;
			children = (
				79E8884D15F0801200C9FE4F /* se */,
			);
			name = Localizable.strings;
			sourceTree = "<group>";
		};
/* End PBXVariantGroup section */

/* Begin XCBuildConfiguration section */
		79E8886B15F0801300C9FE4F /* Debug */ = {
			isa = XCBuildConfiguration;
			buildSettings = {
				ALWAYS_SEARCH_USER_PATHS = NO;
				ARCHS = (
					armv6,
					"$(ARCHS_STANDARD_32_BIT)",
				);
				"CODE_SIGN_IDENTITY[sdk=iphoneos*]" = "";
				COPY_PHASE_STRIP = NO;
				GCC_C_LANGUAGE_STANDARD = gnu99;
				GCC_DYNAMIC_NO_PIC = NO;
				GCC_OPTIMIZATION_LEVEL = 0;
				GCC_PREPROCESSOR_DEFINITIONS = (
					"DEBUG=1",
					"$(inherited)",
				);
				GCC_SYMBOLS_PRIVATE_EXTERN = NO;
				GCC_VERSION = com.apple.compilers.llvm.clang.1_0;
				GCC_WARN_ABOUT_MISSING_PROTOTYPES = YES;
				GCC_WARN_ABOUT_RETURN_TYPE = YES;
				GCC_WARN_UNUSED_VARIABLE = YES;
				IPHONEOS_DEPLOYMENT_TARGET = 3.0;
				New_Setting = "";
				SDKROOT = iphoneos5.0;
			};
			name = Debug;
		};
		79E8886C15F0801300C9FE4F /* Release */ = {
			isa = XCBuildConfiguration;
			buildSettings = {
				ALWAYS_SEARCH_USER_PATHS = NO;
				ARCHS = (
					armv6,
					"$(ARCHS_STANDARD_32_BIT)",
				);
				"CODE_SIGN_IDENTITY[sdk=iphoneos*]" = "";
				COPY_PHASE_STRIP = YES;
				GCC_C_LANGUAGE_STANDARD = gnu99;
				GCC_VERSION = com.apple.compilers.llvm.clang.1_0;
				GCC_WARN_ABOUT_MISSING_PROTOTYPES = YES;
				GCC_WARN_ABOUT_RETURN_TYPE = YES;
				GCC_WARN_UNUSED_VARIABLE = YES;
				IPHONEOS_DEPLOYMENT_TARGET = 3.0;
				New_Setting = "";
				SDKROOT = iphoneos5.0;
				VALIDATE_PRODUCT = YES;
			};
			name = Release;
		};
		79E8886E15F0801300C9FE4F /* Debug */ = {
			isa = XCBuildConfiguration;
			buildSettings = {
				ALWAYS_SEARCH_USER_PATHS = YES;
				"CODE_SIGN_IDENTITY[sdk=iphoneos*]" = "";
				COPY_PHASE_STRIP = NO;
				FRAMEWORK_SEARCH_PATHS = /Users/Shared/Cordova/Frameworks;
				GCC_DYNAMIC_NO_PIC = NO;
				GCC_PRECOMPILE_PREFIX_HEADER = YES;
				GCC_PREFIX_HEADER = "AutoDashMobile/AutoDashMobile-Prefix.pch";
				GCC_PREPROCESSOR_DEFINITIONS = (
					"DEBUG=1,",
					"CORDOVA_FRAMEWORK=1",
				);
				INFOPLIST_FILE = "AutoDashMobile/AutoDashMobile-Info.plist";
				OTHER_LDFLAGS = (
					"-weak_framework",
					UIKit,
					"-weak_framework",
					AVFoundation,
					"-weak_framework",
					CoreMedia,
					"-weak-lSystem",
				);
				PRODUCT_NAME = "$(TARGET_NAME)";
				SDKROOT = iphoneos5.0;
				TARGETED_DEVICE_FAMILY = "1,2";
				WRAPPER_EXTENSION = app;
			};
			name = Debug;
		};
		79E8886F15F0801300C9FE4F /* Release */ = {
			isa = XCBuildConfiguration;
			buildSettings = {
				ALWAYS_SEARCH_USER_PATHS = YES;
				"CODE_SIGN_IDENTITY[sdk=iphoneos*]" = "";
				COPY_PHASE_STRIP = YES;
				DEBUG_INFORMATION_FORMAT = "dwarf-with-dsym";
				FRAMEWORK_SEARCH_PATHS = /Users/Shared/Cordova/Frameworks;
				GCC_PRECOMPILE_PREFIX_HEADER = YES;
				GCC_PREFIX_HEADER = "AutoDashMobile/AutoDashMobile-Prefix.pch";
				GCC_PREPROCESSOR_DEFINITIONS = (
					"NDEBUG=1,",
					"CORDOVA_FRAMEWORK=1",
				);
				INFOPLIST_FILE = "AutoDashMobile/AutoDashMobile-Info.plist";
				OTHER_LDFLAGS = (
					"-weak_framework",
					UIKit,
					"-weak_framework",
					AVFoundation,
					"-weak_framework",
					CoreMedia,
					"-weak-lSystem",
				);
				PRODUCT_NAME = "$(TARGET_NAME)";
				SDKROOT = iphoneos5.0;
				TARGETED_DEVICE_FAMILY = "1,2";
				VALIDATE_PRODUCT = YES;
				WRAPPER_EXTENSION = app;
			};
			name = Release;
		};
/* End XCBuildConfiguration section */

/* Begin XCConfigurationList section */
		79E8880C15F0801200C9FE4F /* Build configuration list for PBXProject "AutoDashMobile" */ = {
			isa = XCConfigurationList;
			buildConfigurations = (
				79E8886B15F0801300C9FE4F /* Debug */,
				79E8886C15F0801300C9FE4F /* Release */,
			);
			defaultConfigurationIsVisible = 0;
			defaultConfigurationName = Release;
		};
		79E8886D15F0801300C9FE4F /* Build configuration list for PBXNativeTarget "AutoDashMobile" */ = {
			isa = XCConfigurationList;
			buildConfigurations = (
				79E8886E15F0801300C9FE4F /* Debug */,
				79E8886F15F0801300C9FE4F /* Release */,
			);
			defaultConfigurationIsVisible = 0;
			defaultConfigurationName = Release;
		};
/* End XCConfigurationList section */
	};
	rootObject = 79E8880915F0801200C9FE4F /* Project object */;
}
